
Microsoft Visual Studio Solution File, Format Version 12.00
# Visual Studio 14
VisualStudioVersion = 14.0.23107.0
MinimumVisualStudioVersion = 10.0.40219.1
Project("{2150E333-8FDC-42A3-9474-1A3956D46DE8}") = "src", "src", "{EF88E2A8-6231-4045-B35D-20CEEFC25D52}"
EndProject
Project("{2150E333-8FDC-42A3-9474-1A3956D46DE8}") = "Solution Items", "Solution Items", "{09160A50-8450-46BE-BCD2-4A62D1EA8C89}"
	ProjectSection(SolutionItems) = preProject
		global.json = global.json
	EndProjectSection
EndProject
Project("{8BB2217D-0F2D-49D1-97BC-3654ED321F3B}") = "FormulaEvaluator", "src\FormulaEvaluator\FormulaEvaluator.xproj", "{286BE95B-1D9C-4CEC-9C42-4B77CCE360F8}"
EndProject
Project("{FAE04EC0-301F-11D3-BF4B-00C04F79EFBC}") = "PS1Tester", "PS1Tester\PS1Tester.csproj", "{3E670A30-02CC-41E1-B5F3-BAF014CC1595}"
EndProject
Global
	GlobalSection(SolutionConfigurationPlatforms) = preSolution
		Debug|Any CPU = Debug|Any CPU
		Release|Any CPU = Release|Any CPU
	EndGlobalSection
	GlobalSection(ProjectConfigurationPlatforms) = postSolution
		{286BE95B-1D9C-4CEC-9C42-4B77CCE360F8}.Debug|Any CPU.ActiveCfg = Debug|Any CPU
		{286BE95B-1D9C-4CEC-9C42-4B77CCE360F8}.Debug|Any CPU.Build.0 = Debug|Any CPU
		{286BE95B-1D9C-4CEC-9C42-4B77CCE360F8}.Release|Any CPU.ActiveCfg = Release|Any CPU
		{286BE95B-1D9C-4CEC-9C42-4B77CCE360F8}.Release|Any CPU.Build.0 = Release|Any CPU
		{3E670A30-02CC-41E1-B5F3-BAF014CC1595}.Debug|Any CPU.ActiveCfg = Debug|Any CPU
		{3E670A30-02CC-41E1-B5F3-BAF014CC1595}.Debug|Any CPU.Build.0 = Debug|Any CPU
		{3E670A30-02CC-41E1-B5F3-BAF014CC1595}.Release|Any CPU.ActiveCfg = Release|Any CPU
		{3E670A30-02CC-41E1-B5F3-BAF014CC1595}.Release|Any CPU.Build.0 = Release|Any CPU
	EndGlobalSection
	GlobalSection(SolutionProperties) = preSolution
		HideSolutionNode = FALSE
	EndGlobalSection
	GlobalSection(NestedProjects) = preSolution
		{286BE95B-1D9C-4CEC-9C42-4B77CCE360F8} = {EF88E2A8-6231-4045-B35D-20CEEFC25D52}
	EndGlobalSection
EndGlobal
